
Microsoft Visual Studio Solution File, Format Version 12.00
# Visual Studio 2013
VisualStudioVersion = 12.0.40629.0
MinimumVisualStudioVersion = 10.0.40219.1
Project("{FAE04EC0-301F-11D3-BF4B-00C04F79EFBC}") = "SphynxWeb", "SphynxWeb\SphynxWeb.csproj", "{D5264A7B-0BB1-4FEE-9DFE-00A917CE2360}"
EndProject
Project("{FAE04EC0-301F-11D3-BF4B-00C04F79EFBC}") = "SphynxWeb.Tests", "SphynxWeb.Tests\SphynxWeb.Tests.csproj", "{5F875D75-5265-44A9-874A-E8010A681709}"
EndProject
Project("{FAE04EC0-301F-11D3-BF4B-00C04F79EFBC}") = "Repozytorium", "Repozytorium\Repozytorium.csproj", "{024733A7-A705-4D56-9CC1-ED0A22B970EC}"
EndProject
Global
	GlobalSection(SolutionConfigurationPlatforms) = preSolution
		Debug|Any CPU = Debug|Any CPU
		Release|Any CPU = Release|Any CPU
	EndGlobalSection
	GlobalSection(ProjectConfigurationPlatforms) = postSolution
		{D5264A7B-0BB1-4FEE-9DFE-00A917CE2360}.Debug|Any CPU.ActiveCfg = Debug|Any CPU
		{D5264A7B-0BB1-4FEE-9DFE-00A917CE2360}.Debug|Any CPU.Build.0 = Debug|Any CPU
		{D5264A7B-0BB1-4FEE-9DFE-00A917CE2360}.Release|Any CPU.ActiveCfg = Release|Any CPU
		{D5264A7B-0BB1-4FEE-9DFE-00A917CE2360}.Release|Any CPU.Build.0 = Release|Any CPU
		{5F875D75-5265-44A9-874A-E8010A681709}.Debug|Any CPU.ActiveCfg = Debug|Any CPU
		{5F875D75-5265-44A9-874A-E8010A681709}.Debug|Any CPU.Build.0 = Debug|Any CPU
		{5F875D75-5265-44A9-874A-E8010A681709}.Release|Any CPU.ActiveCfg = Release|Any CPU
		{5F875D75-5265-44A9-874A-E8010A681709}.Release|Any CPU.Build.0 = Release|Any CPU
		{024733A7-A705-4D56-9CC1-ED0A22B970EC}.Debug|Any CPU.ActiveCfg = Debug|Any CPU
		{024733A7-A705-4D56-9CC1-ED0A22B970EC}.Debug|Any CPU.Build.0 = Debug|Any CPU
		{024733A7-A705-4D56-9CC1-ED0A22B970EC}.Release|Any CPU.ActiveCfg = Release|Any CPU
		{024733A7-A705-4D56-9CC1-ED0A22B970EC}.Release|Any CPU.Build.0 = Release|Any CPU
	EndGlobalSection
	GlobalSection(SolutionProperties) = preSolution
		HideSolutionNode = FALSE
	EndGlobalSection
EndGlobal
