
Microsoft Visual Studio Solution File, Format Version 12.00
# Visual Studio 2013
VisualStudioVersion = 12.0.40629.0
MinimumVisualStudioVersion = 10.0.40219.1
Project("{FAE04EC0-301F-11D3-BF4B-00C04F79EFBC}") = "TociZadaniaDomowe", "TociZadaniaDomowe\TociZadaniaDomowe.csproj", "{24D0060F-CAE2-420D-85FB-67D27D200ED9}"
EndProject
Project("{FAE04EC0-301F-11D3-BF4B-00C04F79EFBC}") = "TociZadaniaDomowe.Tests", "TociZadaniaDomowe.Tests\TociZadaniaDomowe.Tests.csproj", "{61D5A8AA-E468-4526-8121-835F587B630D}"
EndProject
Project("{FAE04EC0-301F-11D3-BF4B-00C04F79EFBC}") = "Repozytorium", "Repozytorium\Repozytorium.csproj", "{133F33EE-38A0-4AEE-B47D-94FE4E224F0B}"
EndProject
Global
	GlobalSection(SolutionConfigurationPlatforms) = preSolution
		Debug|Any CPU = Debug|Any CPU
		Release|Any CPU = Release|Any CPU
	EndGlobalSection
	GlobalSection(ProjectConfigurationPlatforms) = postSolution
		{24D0060F-CAE2-420D-85FB-67D27D200ED9}.Debug|Any CPU.ActiveCfg = Debug|Any CPU
		{24D0060F-CAE2-420D-85FB-67D27D200ED9}.Debug|Any CPU.Build.0 = Debug|Any CPU
		{24D0060F-CAE2-420D-85FB-67D27D200ED9}.Release|Any CPU.ActiveCfg = Release|Any CPU
		{24D0060F-CAE2-420D-85FB-67D27D200ED9}.Release|Any CPU.Build.0 = Release|Any CPU
		{61D5A8AA-E468-4526-8121-835F587B630D}.Debug|Any CPU.ActiveCfg = Debug|Any CPU
		{61D5A8AA-E468-4526-8121-835F587B630D}.Debug|Any CPU.Build.0 = Debug|Any CPU
		{61D5A8AA-E468-4526-8121-835F587B630D}.Release|Any CPU.ActiveCfg = Release|Any CPU
		{61D5A8AA-E468-4526-8121-835F587B630D}.Release|Any CPU.Build.0 = Release|Any CPU
		{133F33EE-38A0-4AEE-B47D-94FE4E224F0B}.Debug|Any CPU.ActiveCfg = Debug|Any CPU
		{133F33EE-38A0-4AEE-B47D-94FE4E224F0B}.Debug|Any CPU.Build.0 = Debug|Any CPU
		{133F33EE-38A0-4AEE-B47D-94FE4E224F0B}.Release|Any CPU.ActiveCfg = Release|Any CPU
		{133F33EE-38A0-4AEE-B47D-94FE4E224F0B}.Release|Any CPU.Build.0 = Release|Any CPU
	EndGlobalSection
	GlobalSection(SolutionProperties) = preSolution
		HideSolutionNode = FALSE
	EndGlobalSection
EndGlobal
