
Microsoft Visual Studio Solution File, Format Version 12.00
# Visual Studio 14
VisualStudioVersion = 14.0.23107.0
MinimumVisualStudioVersion = 10.0.40219.1
Project("{F088123C-0E9E-452A-89E6-6BA2F21D5CAC}") = "ModelingProject1", "ModelingProject1\ModelingProject1.modelproj", "{938686BF-97E9-4A55-9C45-407C6418D8F7}"
EndProject
Project("{FAE04EC0-301F-11D3-BF4B-00C04F79EFBC}") = "ClassLibrary1", "ClassLibrary1\ClassLibrary1.csproj", "{422D5331-93C5-45D0-A65F-C82C9E41C000}"
EndProject
Global
	GlobalSection(SolutionConfigurationPlatforms) = preSolution
		Debug|Any CPU = Debug|Any CPU
		Release|Any CPU = Release|Any CPU
	EndGlobalSection
	GlobalSection(ProjectConfigurationPlatforms) = postSolution
		{938686BF-97E9-4A55-9C45-407C6418D8F7}.Debug|Any CPU.ActiveCfg = Debug|Any CPU
		{938686BF-97E9-4A55-9C45-407C6418D8F7}.Debug|Any CPU.Build.0 = Debug|Any CPU
		{938686BF-97E9-4A55-9C45-407C6418D8F7}.Release|Any CPU.ActiveCfg = Release|Any CPU
		{938686BF-97E9-4A55-9C45-407C6418D8F7}.Release|Any CPU.Build.0 = Release|Any CPU
		{422D5331-93C5-45D0-A65F-C82C9E41C000}.Debug|Any CPU.ActiveCfg = Debug|Any CPU
		{422D5331-93C5-45D0-A65F-C82C9E41C000}.Debug|Any CPU.Build.0 = Debug|Any CPU
		{422D5331-93C5-45D0-A65F-C82C9E41C000}.Release|Any CPU.ActiveCfg = Release|Any CPU
		{422D5331-93C5-45D0-A65F-C82C9E41C000}.Release|Any CPU.Build.0 = Release|Any CPU
	EndGlobalSection
	GlobalSection(SolutionProperties) = preSolution
		HideSolutionNode = FALSE
	EndGlobalSection
EndGlobal
